
Microsoft Visual Studio Solution File, Format Version 12.00
# Visual Studio Version 16
VisualStudioVersion = 16.0.29215.179
MinimumVisualStudioVersion = 10.0.40219.1
Project("{8BC9CEB8-8B4A-11D0-8D11-00A0C91BC942}") = "ValkunTutorial", "ValkunTutorial.vcxproj", "{9029C121-3153-45B0-A04E-FC14932EC8E3}"
EndProject
Global
	GlobalSection(SolutionConfigurationPlatforms) = preSolution
		Debug|x64 = Debug|x64
		Debug|x86 = Debug|x86
		Release|x64 = Release|x64
		Release|x86 = Release|x86
	EndGlobalSection
	GlobalSection(ProjectConfigurationPlatforms) = postSolution
		{9029C121-3153-45B0-A04E-FC14932EC8E3}.Debug|x64.ActiveCfg = Debug|x64
		{9029C121-3153-45B0-A04E-FC14932EC8E3}.Debug|x64.Build.0 = Debug|x64
		{9029C121-3153-45B0-A04E-FC14932EC8E3}.Debug|x86.ActiveCfg = Debug|Win32
		{9029C121-3153-45B0-A04E-FC14932EC8E3}.Debug|x86.Build.0 = Debug|Win32
		{9029C121-3153-45B0-A04E-FC14932EC8E3}.Release|x64.ActiveCfg = Release|x64
		{9029C121-3153-45B0-A04E-FC14932EC8E3}.Release|x64.Build.0 = Release|x64
		{9029C121-3153-45B0-A04E-FC14932EC8E3}.Release|x86.ActiveCfg = Release|Win32
		{9029C121-3153-45B0-A04E-FC14932EC8E3}.Release|x86.Build.0 = Release|Win32
	EndGlobalSection
	GlobalSection(SolutionProperties) = preSolution
		HideSolutionNode = FALSE
	EndGlobalSection
	GlobalSection(ExtensibilityGlobals) = postSolution
		SolutionGuid = {DD5522CB-1F56-481D-8C58-C76AC11DFD42}
	EndGlobalSection
EndGlobal
